
Microsoft Visual Studio Solution File, Format Version 12.00
Project("{FAE04EC0-301F-11D3-BF4B-00C04F79EFBC}") = "DevQuestions.Domain", "src\DevQuestions.Domain\DevQuestions.Domain.csproj", "{5F897A54-7208-4006-8708-F634D29999DF}"
EndProject
Project("{2150E333-8FDC-42A3-9474-1A3956D46DE8}") = "src", "src", "{676EAF42-5321-48EA-A692-523555A0AB0D}"
EndProject
Global
	GlobalSection(SolutionConfigurationPlatforms) = preSolution
		Debug|Any CPU = Debug|Any CPU
		Release|Any CPU = Release|Any CPU
	EndGlobalSection
	GlobalSection(ProjectConfigurationPlatforms) = postSolution
		{5F897A54-7208-4006-8708-F634D29999DF}.Debug|Any CPU.ActiveCfg = Debug|Any CPU
		{5F897A54-7208-4006-8708-F634D29999DF}.Debug|Any CPU.Build.0 = Debug|Any CPU
		{5F897A54-7208-4006-8708-F634D29999DF}.Release|Any CPU.ActiveCfg = Release|Any CPU
		{5F897A54-7208-4006-8708-F634D29999DF}.Release|Any CPU.Build.0 = Release|Any CPU
	EndGlobalSection
	GlobalSection(NestedProjects) = preSolution
		{5F897A54-7208-4006-8708-F634D29999DF} = {676EAF42-5321-48EA-A692-523555A0AB0D}
	EndGlobalSection
EndGlobal
